{
  "name": "Portfolio",
  "lockfileVersion": 3,
  "requires": true,
  "packages": {
    "": {
      "dependencies": {
        "@fontsource/alfa-slab-one": "^5.2.8",
        "@fontsource/anton": "^5.2.7",
        "@fontsource/oswald": "^5.2.8",
        "@fontsource/sigmar": "^5.2.7"
      }
    },
    "node_modules/@fontsource/alfa-slab-one": {
      "version": "5.2.8",
      "resolved": "https://registry.npmjs.org/@fontsource/alfa-slab-one/-/alfa-slab-one-5.2.8.tgz",
      "integrity": "sha512-++XkDfZAfT2qb8MAiyMR+clQe7HZRci1if88IZxd1Vlhu4fc6FvraSgOTa01OmQ8vdy/KTumdX5J3rZvGsjKGQ==",
      "license": "OFL-1.1",
      "funding": {
        "url": "https://github.com/sponsors/ayuhito"
      }
    },
    "node_modules/@fontsource/anton": {
      "version": "5.2.7",
      "resolved": "https://registry.npmjs.org/@fontsource/anton/-/anton-5.2.7.tgz",
      "integrity": "sha512-fiPl7Kx0HC50Ws2uRkNC+QLVK8xPFUB9E+IxFdSA6tbNTZWe7HOq8IxYqkERIzsIBvYj6nrU+7uNMUM9vNLxig==",
      "license": "OFL-1.1",
      "funding": {
        "url": "https://github.com/sponsors/ayuhito"
      }
    },
    "node_modules/@fontsource/oswald": {
      "version": "5.2.8",
      "resolved": "https://registry.npmjs.org/@fontsource/oswald/-/oswald-5.2.8.tgz",
      "integrity": "sha512-DFoPK1BqsFIQhVjs2xgO/oL9veF9oUJgFojEWIU+nazUrfqsBDtAMI4n9L9CZFX3kQNDLcCyzKx1xoEDvQT4WQ==",
      "license": "OFL-1.1",
      "funding": {
        "url": "https://github.com/sponsors/ayuhito"
      }
    },
    "node_modules/@fontsource/sigmar": {
      "version": "5.2.7",
      "resolved": "https://registry.npmjs.org/@fontsource/sigmar/-/sigmar-5.2.7.tgz",
      "integrity": "sha512-2dM8dSd4MWHmTQZ3nqal1o9nw51hWQGPZNaYGeJGHAOja+VYHtYEtflQoG/eBoL2RFr7qGGfuFYO+A2++tlCwg==",
      "license": "OFL-1.1",
      "funding": {
        "url": "https://github.com/sponsors/ayuhito"
      }
    }
  }
}
